
Microsoft Visual Studio Solution File, Format Version 12.00
# Visual Studio Version 16
VisualStudioVersion = 16.0.32002.261
MinimumVisualStudioVersion = 10.0.40219.1
Project("{FAE04EC0-301F-11D3-BF4B-00C04F79EFBC}") = "gittest2", "gittest2\gittest2.csproj", "{357537A7-2FA0-4FA6-9853-0528EF0B1565}"
EndProject
Global
	GlobalSection(SolutionConfigurationPlatforms) = preSolution
		Debug|Any CPU = Debug|Any CPU
		Release|Any CPU = Release|Any CPU
	EndGlobalSection
	GlobalSection(ProjectConfigurationPlatforms) = postSolution
		{357537A7-2FA0-4FA6-9853-0528EF0B1565}.Debug|Any CPU.ActiveCfg = Debug|Any CPU
		{357537A7-2FA0-4FA6-9853-0528EF0B1565}.Debug|Any CPU.Build.0 = Debug|Any CPU
		{357537A7-2FA0-4FA6-9853-0528EF0B1565}.Release|Any CPU.ActiveCfg = Release|Any CPU
		{357537A7-2FA0-4FA6-9853-0528EF0B1565}.Release|Any CPU.Build.0 = Release|Any CPU
	EndGlobalSection
	GlobalSection(SolutionProperties) = preSolution
		HideSolutionNode = FALSE
	EndGlobalSection
	GlobalSection(ExtensibilityGlobals) = postSolution
		SolutionGuid = {B4485B9F-482D-41AC-A2EF-07D990FC5C27}
	EndGlobalSection
EndGlobal
